
Microsoft Visual Studio Solution File, Format Version 12.00
Project("{FAE04EC0-301F-11D3-BF4B-00C04F79EFBC}") = "UnityUtils", "UnityUtils\UnityUtils.csproj", "{CFD8FEAF-4991-4E77-8C6B-4F52624084F7}"
EndProject
Global
	GlobalSection(SolutionConfigurationPlatforms) = preSolution
		Debug|Any CPU = Debug|Any CPU
		Release|Any CPU = Release|Any CPU
	EndGlobalSection
	GlobalSection(ProjectConfigurationPlatforms) = postSolution
		{CFD8FEAF-4991-4E77-8C6B-4F52624084F7}.Debug|Any CPU.ActiveCfg = Debug|Any CPU
		{CFD8FEAF-4991-4E77-8C6B-4F52624084F7}.Debug|Any CPU.Build.0 = Debug|Any CPU
		{CFD8FEAF-4991-4E77-8C6B-4F52624084F7}.Release|Any CPU.ActiveCfg = Release|Any CPU
		{CFD8FEAF-4991-4E77-8C6B-4F52624084F7}.Release|Any CPU.Build.0 = Release|Any CPU
	EndGlobalSection
EndGlobal
